
Microsoft Visual Studio Solution File, Format Version 12.00
# Visual Studio Version 16
VisualStudioVersion = 16.0.30804.86
MinimumVisualStudioVersion = 10.0.40219.1
Project("{FAE04EC0-301F-11D3-BF4B-00C04F79EFBC}") = "ProjektZTP", "ProjektZTP\ProjektZTP.csproj", "{198B72EA-6552-4C7D-A57D-7EB380A72136}"
EndProject
Global
	GlobalSection(SolutionConfigurationPlatforms) = preSolution
		Debug|Any CPU = Debug|Any CPU
		Release|Any CPU = Release|Any CPU
	EndGlobalSection
	GlobalSection(ProjectConfigurationPlatforms) = postSolution
		{198B72EA-6552-4C7D-A57D-7EB380A72136}.Debug|Any CPU.ActiveCfg = Debug|Any CPU
		{198B72EA-6552-4C7D-A57D-7EB380A72136}.Debug|Any CPU.Build.0 = Debug|Any CPU
		{198B72EA-6552-4C7D-A57D-7EB380A72136}.Release|Any CPU.ActiveCfg = Release|Any CPU
		{198B72EA-6552-4C7D-A57D-7EB380A72136}.Release|Any CPU.Build.0 = Release|Any CPU
	EndGlobalSection
	GlobalSection(SolutionProperties) = preSolution
		HideSolutionNode = FALSE
	EndGlobalSection
	GlobalSection(ExtensibilityGlobals) = postSolution
		SolutionGuid = {52397E0C-1D13-4070-AFE4-820AEAC1C2A9}
	EndGlobalSection
EndGlobal
